
Microsoft Visual Studio Solution File, Format Version 12.00
# Visual Studio Version 17
VisualStudioVersion = 17.9.34607.119
MinimumVisualStudioVersion = 10.0.40219.1
Project("{FAE04EC0-301F-11D3-BF4B-00C04F79EFBC}") = "BookShoppingCartMvcUI", "BookShoppingCartMvcUI\BookShoppingCartMvcUI.csproj", "{5A8AA5D3-D80F-4324-9AC1-1C17D9219958}"
EndProject
Global
	GlobalSection(SolutionConfigurationPlatforms) = preSolution
		Debug|Any CPU = Debug|Any CPU
		Release|Any CPU = Release|Any CPU
	EndGlobalSection
	GlobalSection(ProjectConfigurationPlatforms) = postSolution
		{5A8AA5D3-D80F-4324-9AC1-1C17D9219958}.Debug|Any CPU.ActiveCfg = Debug|Any CPU
		{5A8AA5D3-D80F-4324-9AC1-1C17D9219958}.Debug|Any CPU.Build.0 = Debug|Any CPU
		{5A8AA5D3-D80F-4324-9AC1-1C17D9219958}.Release|Any CPU.ActiveCfg = Release|Any CPU
		{5A8AA5D3-D80F-4324-9AC1-1C17D9219958}.Release|Any CPU.Build.0 = Release|Any CPU
	EndGlobalSection
	GlobalSection(SolutionProperties) = preSolution
		HideSolutionNode = FALSE
	EndGlobalSection
	GlobalSection(ExtensibilityGlobals) = postSolution
		SolutionGuid = {67866802-6841-427B-B84A-0565648FD5DF}
	EndGlobalSection
EndGlobal
